PODS:
  - Flutter (1.0.0)
  - flutter_native_crash (0.0.1):
    - Flutter

DEPENDENCIES:
  - Flutter (from `Flutter`)
  - flutter_native_crash (from `.symlinks/plugins/flutter_native_crash/ios`)

EXTERNAL SOURCES:
  Flutter:
    :path: Flutter
  flutter_native_crash:
    :path: ".symlinks/plugins/flutter_native_crash/ios"

SPEC CHECKSUMS:
  Flutter: 434fef37c0980e73bb6479ef766c45957d4b510c
  flutter_native_crash: 131ec5cd91eb16ab3a5f299f9e18114db2b0970b

PODFILE CHECKSUM: aafe91acc616949ddb318b77800a7f51bffa2a4c

COCOAPODS: 1.10.1
